// !$*UTF8*$!
{
	archiveVersion = 1;
	classes = {
	};
	objectVersion = 46;
	objects = {

/* Begin PBXBuildFile section */
		A7AB44B81A77EAAA00C12D51 /* AppDelegate.swift in Sources */ = {isa = PBXBuildFile; fileRef = A7AB44B71A77EAAA00C12D51 /* AppDelegate.swift */; };
		A7AB44BA1A77EAAA00C12D51 /* ViewController.swift in Sources */ = {isa = PBXBuildFile; fileRef = A7AB44B91A77EAAA00C12D51 /* ViewController.swift */; };
		A7AB44BD1A77EAAA00C12D51 /* Main.storyboard in Resources */ = {isa = PBXBuildFile; fileRef = A7AB44BB1A77EAAA00C12D51 /* Main.storyboard */; };
		A7AB44BF1A77EAAA00C12D51 /* Images.xcassets in Resources */ = {isa = PBXBuildFile; fileRef = A7AB44BE1A77EAAA00C12D51 /* Images.xcassets */; };
		A7AB44C21A77EAAA00C12D51 /* LaunchScreen.xib in Resources */ = {isa = PBXBuildFile; fileRef = A7AB44C01A77EAAA00C12D51 /* LaunchScreen.xib */; };
		A7AB44CE1A77EAAA00C12D51 /* PingTransitionTests.swift in Sources */ = {isa = PBXBuildFile; fileRef = A7AB44CD1A77EAAA00C12D51 /* PingTransitionTests.swift */; };
		A7AB44D91A77F65600C12D51 /* ipad.jpg in Resources */ = {isa = PBXBuildFile; fileRef = A7AB44D71A77F65600C12D51 /* ipad.jpg */; };
		A7AB44DC1A77F85400C12D51 /* NavigationControllerDelegate.swift in Sources */ = {isa = PBXBuildFile; fileRef = A7AB44DB1A77F85400C12D51 /* NavigationControllerDelegate.swift */; };
		A7AB44DE1A77F95B00C12D51 /* CircleTransitionAnimator.swift in Sources */ = {isa = PBXBuildFile; fileRef = A7AB44DD1A77F95B00C12D51 /* CircleTransitionAnimator.swift */; };
		A7AB44E01A78121600C12D51 /* iphone.jpg in Resources */ = {isa = PBXBuildFile; fileRef = A7AB44DF1A78121600C12D51 /* iphone.jpg */; };
		A7DB741C1A782B1C00799567 /* launch.png in Resources */ = {isa = PBXBuildFile; fileRef = A7DB741B1A782B1C00799567 /* launch.png */; };
/* End PBXBuildFile section */

/* Begin PBXContainerItemProxy section */
		A7AB44C81A77EAAA00C12D51 /* PBXContainerItemProxy */ = {
			isa = PBXContainerItemProxy;
			containerPortal = A7AB44AA1A77EAAA00C12D51 /* Project object */;
			proxyType = 1;
			remoteGlobalIDString = A7AB44B11A77EAAA00C12D51;
			remoteInfo = PingTransition;
		};
/* End PBXContainerItemProxy section */

/* Begin PBXFileReference section */
		A7AB44B21A77EAAA00C12D51 /* PingTransition.app */ = {isa = PBXFileReference; explicitFileType = wrapper.application; includeInIndex = 0; path = PingTransition.app; sourceTree = BUILT_PRODUCTS_DIR; };
		A7AB44B61A77EAAA00C12D51 /* Info.plist */ = {isa = PBXFileReference; lastKnownFileType = text.plist.xml; path = Info.plist; sourceTree = "<group>"; };
		A7AB44B71A77EAAA00C12D51 /* AppDelegate.swift */ = {isa = PBXFileReference; lastKnownFileType = sourcecode.swift; path = AppDelegate.swift; sourceTree = "<group>"; };
		A7AB44B91A77EAAA00C12D51 /* ViewController.swift */ = {isa = PBXFileReference; lastKnownFileType = sourcecode.swift; path = ViewController.swift; sourceTree = "<group>"; };
		A7AB44BC1A77EAAA00C12D51 /* Base */ = {isa = PBXFileReference; lastKnownFileType = file.storyboard; name = Base; path = Base.lproj/Main.storyboard; sourceTree = "<group>"; };
		A7AB44BE1A77EAAA00C12D51 /* Images.xcassets */ = {isa = PBXFileReference; lastKnownFileType = folder.assetcatalog; path = Images.xcassets; sourceTree = "<group>"; };
		A7AB44C11A77EAAA00C12D51 /* Base */ = {isa = PBXFileReference; lastKnownFileType = file.xib; name = Base; path = Base.lproj/LaunchScreen.xib; sourceTree = "<group>"; };
		A7AB44C71A77EAAA00C12D51 /* PingTransitionTests.xctest */ = {isa = PBXFileReference; explicitFileType = wrapper.cfbundle; includeInIndex = 0; path = PingTransitionTests.xctest; sourceTree = BUILT_PRODUCTS_DIR; };
		A7AB44CC1A77EAAA00C12D51 /* Info.plist */ = {isa = PBXFileReference; lastKnownFileType = text.plist.xml; path = Info.plist; sourceTree = "<group>"; };
		A7AB44CD1A77EAAA00C12D51 /* PingTransitionTests.swift */ = {isa = PBXFileReference; lastKnownFileType = sourcecode.swift; path = PingTransitionTests.swift; sourceTree = "<group>"; };
		A7AB44D71A77F65600C12D51 /* ipad.jpg */ = {isa = PBXFileReference; lastKnownFileType = image.jpeg; path = ipad.jpg; sourceTree = "<group>"; };
		A7AB44DB1A77F85400C12D51 /* NavigationControllerDelegate.swift */ = {isa = PBXFileReference; fileEncoding = 4; lastKnownFileType = sourcecode.swift; path = NavigationControllerDelegate.swift; sourceTree = "<group>"; };
		A7AB44DD1A77F95B00C12D51 /* CircleTransitionAnimator.swift */ = {isa = PBXFileReference; fileEncoding = 4; lastKnownFileType = sourcecode.swift; path = CircleTransitionAnimator.swift; sourceTree = "<group>"; };
		A7AB44DF1A78121600C12D51 /* iphone.jpg */ = {isa = PBXFileReference; lastKnownFileType = image.jpeg; path = iphone.jpg; sourceTree = "<group>"; };
		A7DB741B1A782B1C00799567 /* launch.png */ = {isa = PBXFileReference; lastKnownFileType = image.png; path = launch.png; sourceTree = "<group>"; };
/* End PBXFileReference section */

/* Begin PBXFrameworksBuildPhase section */
		A7AB44AF1A77EAAA00C12D51 /* Frameworks */ = {
			isa = PBXFrameworksBuildPhase;
			buildActionMask = 2147483647;
			files = (
			);
			runOnlyForDeploymentPostprocessing = 0;
		};
		A7AB44C41A77EAAA00C12D51 /* Frameworks */ = {
			isa = PBXFrameworksBuildPhase;
			buildActionMask = 2147483647;
			files = (
			);
			runOnlyForDeploymentPostprocessing = 0;
		};
/* End PBXFrameworksBuildPhase section */

/* Begin PBXGroup section */
		A7AB44A91A77EAAA00C12D51 = {
			isa = PBXGroup;
			children = (
				A7AB44B41A77EAAA00C12D51 /* PingTransition */,
				A7AB44CA1A77EAAA00C12D51 /* PingTransitionTests */,
				A7AB44B31A77EAAA00C12D51 /* Products */,
			);
			sourceTree = "<group>";
		};
		A7AB44B31A77EAAA00C12D51 /* Products */ = {
			isa = PBXGroup;
			children = (
				A7AB44B21A77EAAA00C12D51 /* PingTransition.app */,
				A7AB44C71A77EAAA00C12D51 /* PingTransitionTests.xctest */,
			);
			name = Products;
			sourceTree = "<group>";
		};
		A7AB44B41A77EAAA00C12D51 /* PingTransition */ = {
			isa = PBXGroup;
			children = (
				A7DB741D1A782FE700799567 /* Images */,
				A7AB44B71A77EAAA00C12D51 /* AppDelegate.swift */,
				A7AB44B91A77EAAA00C12D51 /* ViewController.swift */,
				A7AB44BB1A77EAAA00C12D51 /* Main.storyboard */,
				A7AB44BE1A77EAAA00C12D51 /* Images.xcassets */,
				A7AB44C01A77EAAA00C12D51 /* LaunchScreen.xib */,
				A7AB44B51A77EAAA00C12D51 /* Supporting Files */,
				A7AB44DB1A77F85400C12D51 /* NavigationControllerDelegate.swift */,
				A7AB44DD1A77F95B00C12D51 /* CircleTransitionAnimator.swift */,
			);
			path = PingTransition;
			sourceTree = "<group>";
		};
		A7AB44B51A77EAAA00C12D51 /* Supporting Files */ = {
			isa = PBXGroup;
			children = (
				A7AB44B61A77EAAA00C12D51 /* Info.plist */,
			);
			name = "Supporting Files";
			sourceTree = "<group>";
		};
		A7AB44CA1A77EAAA00C12D51 /* PingTransitionTests */ = {
			isa = PBXGroup;
			children = (
				A7AB44CD1A77EAAA00C12D51 /* PingTransitionTests.swift */,
				A7AB44CB1A77EAAA00C12D51 /* Supporting Files */,
			);
			path = PingTransitionTests;
			sourceTree = "<group>";
		};
		A7AB44CB1A77EAAA00C12D51 /* Supporting Files */ = {
			isa = PBXGroup;
			children = (
				A7AB44CC1A77EAAA00C12D51 /* Info.plist */,
			);
			name = "Supporting Files";
			sourceTree = "<group>";
		};
		A7DB741D1A782FE700799567 /* Images */ = {
			isa = PBXGroup;
			children = (
				A7DB741B1A782B1C00799567 /* launch.png */,
				A7AB44D71A77F65600C12D51 /* ipad.jpg */,
				A7AB44DF1A78121600C12D51 /* iphone.jpg */,
			);
			name = Images;
			sourceTree = "<group>";
		};
/* End PBXGroup section */

/* Begin PBXNativeTarget section */
		A7AB44B11A77EAAA00C12D51 /* PingTransition */ = {
			isa = PBXNativeTarget;
			buildConfigurationList = A7AB44D11A77EAAA00C12D51 /* Build configuration list for PBXNativeTarget "PingTransition" */;
			buildPhases = (
				A7AB44AE1A77EAAA00C12D51 /* Sources */,
				A7AB44AF1A77EAAA00C12D51 /* Frameworks */,
				A7AB44B01A77EAAA00C12D51 /* Resources */,
			);
			buildRules = (
			);
			dependencies = (
			);
			name = PingTransition;
			productName = PingTransition;
			productReference = A7AB44B21A77EAAA00C12D51 /* PingTransition.app */;
			productType = "com.apple.product-type.application";
		};
		A7AB44C61A77EAAA00C12D51 /* PingTransitionTests */ = {
			isa = PBXNativeTarget;
			buildConfigurationList = A7AB44D41A77EAAA00C12D51 /* Build configuration list for PBXNativeTarget "PingTransitionTests" */;
			buildPhases = (
				A7AB44C31A77EAAA00C12D51 /* Sources */,
				A7AB44C41A77EAAA00C12D51 /* Frameworks */,
				A7AB44C51A77EAAA00C12D51 /* Resources */,
			);
			buildRules = (
			);
			dependencies = (
				A7AB44C91A77EAAA00C12D51 /* PBXTargetDependency */,
			);
			name = PingTransitionTests;
			productName = PingTransitionTests;
			productReference = A7AB44C71A77EAAA00C12D51 /* PingTransitionTests.xctest */;
			productType = "com.apple.product-type.bundle.unit-test";
		};
/* End PBXNativeTarget section */

/* Begin PBXProject section */
		A7AB44AA1A77EAAA00C12D51 /* Project object */ = {
			isa = PBXProject;
			attributes = {
				LastUpgradeCheck = 0610;
				ORGANIZATIONNAME = Alessandro;
				TargetAttributes = {
					A7AB44B11A77EAAA00C12D51 = {
						CreatedOnToolsVersion = 6.1.1;
					};
					A7AB44C61A77EAAA00C12D51 = {
						CreatedOnToolsVersion = 6.1.1;
						TestTargetID = A7AB44B11A77EAAA00C12D51;
					};
				};
			};
			buildConfigurationList = A7AB44AD1A77EAAA00C12D51 /* Build configuration list for PBXProject "PingTransition" */;
			compatibilityVersion = "Xcode 3.2";
			developmentRegion = English;
			hasScannedForEncodings = 0;
			knownRegions = (
				en,
				Base,
			);
			mainGroup = A7AB44A91A77EAAA00C12D51;
			productRefGroup = A7AB44B31A77EAAA00C12D51 /* Products */;
			projectDirPath = "";
			projectRoot = "";
			targets = (
				A7AB44B11A77EAAA00C12D51 /* PingTransition */,
				A7AB44C61A77EAAA00C12D51 /* PingTransitionTests */,
			);
		};
/* End PBXProject section */

/* Begin PBXResourcesBuildPhase section */
		A7AB44B01A77EAAA00C12D51 /* Resources */ = {
			isa = PBXResourcesBuildPhase;
			buildActionMask = 2147483647;
			files = (
				A7AB44BD1A77EAAA00C12D51 /* Main.storyboard in Resources */,
				A7DB741C1A782B1C00799567 /* launch.png in Resources */,
				A7AB44D91A77F65600C12D51 /* ipad.jpg in Resources */,
				A7AB44E01A78121600C12D51 /* iphone.jpg in Resources */,
				A7AB44C21A77EAAA00C12D51 /* LaunchScreen.xib in Resources */,
				A7AB44BF1A77EAAA00C12D51 /* Images.xcassets in Resources */,
			);
			runOnlyForDeploymentPostprocessing = 0;
		};
		A7AB44C51A77EAAA00C12D51 /* Resources */ = {
			isa = PBXResourcesBuildPhase;
			buildActionMask = 2147483647;
			files = (
			);
			runOnlyForDeploymentPostprocessing = 0;
		};
/* End PBXResourcesBuildPhase section */

/* Begin PBXSourcesBuildPhase section */
		A7AB44AE1A77EAAA00C12D51 /* Sources */ = {
			isa = PBXSourcesBuildPhase;
			buildActionMask = 2147483647;
			files = (
				A7AB44BA1A77EAAA00C12D51 /* ViewController.swift in Sources */,
				A7AB44DE1A77F95B00C12D51 /* CircleTransitionAnimator.swift in Sources */,
				A7AB44DC1A77F85400C12D51 /* NavigationControllerDelegate.swift in Sources */,
				A7AB44B81A77EAAA00C12D51 /* AppDelegate.swift in Sources */,
			);
			runOnlyForDeploymentPostprocessing = 0;
		};
		A7AB44C31A77EAAA00C12D51 /* Sources */ = {
			isa = PBXSourcesBuildPhase;
			buildActionMask = 2147483647;
			files = (
				A7AB44CE1A77EAAA00C12D51 /* PingTransitionTests.swift in Sources */,
			);
			runOnlyForDeploymentPostprocessing = 0;
		};
/* End PBXSourcesBuildPhase section */

/* Begin PBXTargetDependency section */
		A7AB44C91A77EAAA00C12D51 /* PBXTargetDependency */ = {
			isa = PBXTargetDependency;
			target = A7AB44B11A77EAAA00C12D51 /* PingTransition */;
			targetProxy = A7AB44C81A77EAAA00C12D51 /* PBXContainerItemProxy */;
		};
/* End PBXTargetDependency section */

/* Begin PBXVariantGroup section */
		A7AB44BB1A77EAAA00C12D51 /* Main.storyboard */ = {
			isa = PBXVariantGroup;
			children = (
				A7AB44BC1A77EAAA00C12D51 /* Base */,
			);
			name = Main.storyboard;
			sourceTree = "<group>";
		};
		A7AB44C01A77EAAA00C12D51 /* LaunchScreen.xib */ = {
			isa = PBXVariantGroup;
			children = (
				A7AB44C11A77EAAA00C12D51 /* Base */,
			);
			name = LaunchScreen.xib;
			sourceTree = "<group>";
		};
/* End PBXVariantGroup section */

/* Begin XCBuildConfiguration section */
		A7AB44CF1A77EAAA00C12D51 /* Debug */ = {
			isa = XCBuildConfiguration;
			buildSettings = {
				ALWAYS_SEARCH_USER_PATHS = NO;
				CLANG_CXX_LANGUAGE_STANDARD = "gnu++0x";
				CLANG_CXX_LIBRARY = "libc++";
				CLANG_ENABLE_MODULES = YES;
				CLANG_ENABLE_OBJC_ARC = YES;
				CLANG_WARN_BOOL_CONVERSION = YES;
				CLANG_WARN_CONSTANT_CONVERSION = YES;
				CLANG_WARN_DIRECT_OBJC_ISA_USAGE = YES_ERROR;
				CLANG_WARN_EMPTY_BODY = YES;
				CLANG_WARN_ENUM_CONVERSION = YES;
				CLANG_WARN_INT_CONVERSION = YES;
				CLANG_WARN_OBJC_ROOT_CLASS = YES_ERROR;
				CLANG_WARN_UNREACHABLE_CODE = YES;
				CLANG_WARN__DUPLICATE_METHOD_MATCH = YES;
				"CODE_SIGN_IDENTITY[sdk=iphoneos*]" = "iPhone Developer";
				COPY_PHASE_STRIP = NO;
				ENABLE_STRICT_OBJC_MSGSEND = YES;
				GCC_C_LANGUAGE_STANDARD = gnu99;
				GCC_DYNAMIC_NO_PIC = NO;
				GCC_OPTIMIZATION_LEVEL = 0;
				GCC_PREPROCESSOR_DEFINITIONS = (
					"DEBUG=1",
					"$(inherited)",
				);
				GCC_SYMBOLS_PRIVATE_EXTERN = NO;
				GCC_WARN_64_TO_32_BIT_CONVERSION = YES;
				GCC_WARN_ABOUT_RETURN_TYPE = YES_ERROR;
				GCC_WARN_UNDECLARED_SELECTOR = YES;
				GCC_WARN_UNINITIALIZED_AUTOS = YES_AGGRESSIVE;
				GCC_WARN_UNUSED_FUNCTION = YES;
				GCC_WARN_UNUSED_VARIABLE = YES;
				IPHONEOS_DEPLOYMENT_TARGET = 8.1;
				MTL_ENABLE_DEBUG_INFO = YES;
				ONLY_ACTIVE_ARCH = YES;
				SDKROOT = iphoneos;
				SWIFT_OPTIMIZATION_LEVEL = "-Onone";
				TARGETED_DEVICE_FAMILY = "1,2";
			};
			name = Debug;
		};
		A7AB44D01A77EAAA00C12D51 /* Release */ = {
			isa = XCBuildConfiguration;
			buildSettings = {
				ALWAYS_SEARCH_USER_PATHS = NO;
				CLANG_CXX_LANGUAGE_STANDARD = "gnu++0x";
				CLANG_CXX_LIBRARY = "libc++";
				CLANG_ENABLE_MODULES = YES;
				CLANG_ENABLE_OBJC_ARC = YES;
				CLANG_WARN_BOOL_CONVERSION = YES;
				CLANG_WARN_CONSTANT_CONVERSION = YES;
				CLANG_WARN_DIRECT_OBJC_ISA_USAGE = YES_ERROR;
				CLANG_WARN_EMPTY_BODY = YES;
				CLANG_WARN_ENUM_CONVERSION = YES;
				CLANG_WARN_INT_CONVERSION = YES;
				CLANG_WARN_OBJC_ROOT_CLASS = YES_ERROR;
				CLANG_WARN_UNREACHABLE_CODE = YES;
				CLANG_WARN__DUPLICATE_METHOD_MATCH = YES;
				"CODE_SIGN_IDENTITY[sdk=iphoneos*]" = "iPhone Developer";
				COPY_PHASE_STRIP = YES;
				ENABLE_NS_ASSERTIONS = NO;
				ENABLE_STRICT_OBJC_MSGSEND = YES;
				GCC_C_LANGUAGE_STANDARD = gnu99;
				GCC_WARN_64_TO_32_BIT_CONVERSION = YES;
				GCC_WARN_ABOUT_RETURN_TYPE = YES_ERROR;
				GCC_WARN_UNDECLARED_SELECTOR = YES;
				GCC_WARN_UNINITIALIZED_AUTOS = YES_AGGRESSIVE;
				GCC_WARN_UNUSED_FUNCTION = YES;
				GCC_WARN_UNUSED_VARIABLE = YES;
				IPHONEOS_DEPLOYMENT_TARGET = 8.1;
				MTL_ENABLE_DEBUG_INFO = NO;
				SDKROOT = iphoneos;
				TARGETED_DEVICE_FAMILY = "1,2";
				VALIDATE_PRODUCT = YES;
			};
			name = Release;
		};
		A7AB44D21A77EAAA00C12D51 /* Debug */ = {
			isa = XCBuildConfiguration;
			buildSettings = {
				ASSETCATALOG_COMPILER_APPICON_NAME = AppIcon;
				INFOPLIST_FILE = PingTransition/Info.plist;
				LD_RUNPATH_SEARCH_PATHS = "$(inherited) @executable_path/Frameworks";
				PRODUCT_NAME = "$(TARGET_NAME)";
				TARGETED_DEVICE_FAMILY = 1;
			};
			name = Debug;
		};
		A7AB44D31A77EAAA00C12D51 /* Release */ = {
			isa = XCBuildConfiguration;
			buildSettings = {
				ASSETCATALOG_COMPILER_APPICON_NAME = AppIcon;
				INFOPLIST_FILE = PingTransition/Info.plist;
				LD_RUNPATH_SEARCH_PATHS = "$(inherited) @executable_path/Frameworks";
				PRODUCT_NAME = "$(TARGET_NAME)";
				TARGETED_DEVICE_FAMILY = 1;
			};
			name = Release;
		};
		A7AB44D51A77EAAA00C12D51 /* Debug */ = {
			isa = XCBuildConfiguration;
			buildSettings = {
				BUNDLE_LOADER = "$(TEST_HOST)";
				FRAMEWORK_SEARCH_PATHS = (
					"$(SDKROOT)/Developer/Library/Frameworks",
					"$(inherited)",
				);
				GCC_PREPROCESSOR_DEFINITIONS = (
					"DEBUG=1",
					"$(inherited)",
				);
				INFOPLIST_FILE = PingTransitionTests/Info.plist;
				LD_RUNPATH_SEARCH_PATHS = "$(inherited) @executable_path/Frameworks @loader_path/Frameworks";
				PRODUCT_NAME = "$(TARGET_NAME)";
				TEST_HOST = "$(BUILT_PRODUCTS_DIR)/PingTransition.app/PingTransition";
			};
			name = Debug;
		};
		A7AB44D61A77EAAA00C12D51 /* Release */ = {
			isa = XCBuildConfiguration;
			buildSettings = {
				BUNDLE_LOADER = "$(TEST_HOST)";
				FRAMEWORK_SEARCH_PATHS = (
					"$(SDKROOT)/Developer/Library/Frameworks",
					"$(inherited)",
				);
				INFOPLIST_FILE = PingTransitionTests/Info.plist;
				LD_RUNPATH_SEARCH_PATHS = "$(inherited) @executable_path/Frameworks @loader_path/Frameworks";
				PRODUCT_NAME = "$(TARGET_NAME)";
				TEST_HOST = "$(BUILT_PRODUCTS_DIR)/PingTransition.app/PingTransition";
			};
			name = Release;
		};
/* End XCBuildConfiguration section */

/* Begin XCConfigurationList section */
		A7AB44AD1A77EAAA00C12D51 /* Build configuration list for PBXProject "PingTransition" */ = {
			isa = XCConfigurationList;
			buildConfigurations = (
				A7AB44CF1A77EAAA00C12D51 /* Debug */,
				A7AB44D01A77EAAA00C12D51 /* Release */,
			);
			defaultConfigurationIsVisible = 0;
			defaultConfigurationName = Release;
		};
		A7AB44D11A77EAAA00C12D51 /* Build configuration list for PBXNativeTarget "PingTransition" */ = {
			isa = XCConfigurationList;
			buildConfigurations = (
				A7AB44D21A77EAAA00C12D51 /* Debug */,
				A7AB44D31A77EAAA00C12D51 /* Release */,
			);
			defaultConfigurationIsVisible = 0;
			defaultConfigurationName = Release;
		};
		A7AB44D41A77EAAA00C12D51 /* Build configuration list for PBXNativeTarget "PingTransitionTests" */ = {
			isa = XCConfigurationList;
			buildConfigurations = (
				A7AB44D51A77EAAA00C12D51 /* Debug */,
				A7AB44D61A77EAAA00C12D51 /* Release */,
			);
			defaultConfigurationIsVisible = 0;
			defaultConfigurationName = Release;
		};
/* End XCConfigurationList section */
	};
	rootObject = A7AB44AA1A77EAAA00C12D51 /* Project object */;
}
